
Microsoft Visual Studio Solution File, Format Version 12.00
# Visual Studio Express 2012 for Windows Desktop
Project("{FAE04EC0-301F-11D3-BF4B-00C04F79EFBC}") = "electrodomesticos_JaviPlus", "electrodomesticos_JaviPlus\electrodomesticos_JaviPlus.csproj", "{0CFEBD1C-74F0-409A-A256-5A2FF7B0DD29}"
EndProject
Global
	GlobalSection(SolutionConfigurationPlatforms) = preSolution
		Debug|Any CPU = Debug|Any CPU
		Release|Any CPU = Release|Any CPU
	EndGlobalSection
	GlobalSection(ProjectConfigurationPlatforms) = postSolution
		{0CFEBD1C-74F0-409A-A256-5A2FF7B0DD29}.Debug|Any CPU.ActiveCfg = Debug|Any CPU
		{0CFEBD1C-74F0-409A-A256-5A2FF7B0DD29}.Debug|Any CPU.Build.0 = Debug|Any CPU
		{0CFEBD1C-74F0-409A-A256-5A2FF7B0DD29}.Release|Any CPU.ActiveCfg = Release|Any CPU
		{0CFEBD1C-74F0-409A-A256-5A2FF7B0DD29}.Release|Any CPU.Build.0 = Release|Any CPU
	EndGlobalSection
	GlobalSection(SolutionProperties) = preSolution
		HideSolutionNode = FALSE
	EndGlobalSection
EndGlobal
